Microsoft Visual Studio Solution File, Format Version 11.00
# Visual Studio 2008

Project("{0831CD56-EAA5-9B71-8A2F-1606B579D661}") = "LightPath", "Assembly-CSharp-firstpass.csproj", "{6CC2A366-D2EB-8462-AE9C-99C180273FBE}"
EndProject
Project("{0831CD56-EAA5-9B71-8A2F-1606B579D661}") = "LightPath", "Assembly-Boo.booproj", "{AB0EBFA5-006B-0387-82B6-AB3842320CF6}"
EndProject
Project("{0831CD56-EAA5-9B71-8A2F-1606B579D661}") = "LightPath", "Assembly-UnityScript-firstpass.unityproj", "{09EFE2CF-752C-F866-481C-DE6ED278EB1E}"
EndProject
Project("{0831CD56-EAA5-9B71-8A2F-1606B579D661}") = "LightPath", "Assembly-UnityScript.unityproj", "{B0D43FA2-FEE4-BB36-6E1D-94EC604C85BE}"
EndProject
Global
	GlobalSection(SolutionConfigurationPlatforms) = preSolution
		Debug|Any CPU = Debug|Any CPU
		Release|Any CPU = Release|Any CPU
	EndGlobalSection
	GlobalSection(ProjectConfigurationPlatforms) = postSolution
		{6CC2A366-D2EB-8462-AE9C-99C180273FBE}.Debug|Any CPU.ActiveCfg = Debug|Any CPU
		{6CC2A366-D2EB-8462-AE9C-99C180273FBE}.Debug|Any CPU.Build.0 = Debug|Any CPU
		{6CC2A366-D2EB-8462-AE9C-99C180273FBE}.Release|Any CPU.ActiveCfg = Release|Any CPU
		{6CC2A366-D2EB-8462-AE9C-99C180273FBE}.Release|Any CPU.Build.0 = Release|Any CPU
		{AB0EBFA5-006B-0387-82B6-AB3842320CF6}.Debug|Any CPU.ActiveCfg = Debug|Any CPU
		{AB0EBFA5-006B-0387-82B6-AB3842320CF6}.Debug|Any CPU.Build.0 = Debug|Any CPU
		{AB0EBFA5-006B-0387-82B6-AB3842320CF6}.Release|Any CPU.ActiveCfg = Release|Any CPU
		{AB0EBFA5-006B-0387-82B6-AB3842320CF6}.Release|Any CPU.Build.0 = Release|Any CPU
		{09EFE2CF-752C-F866-481C-DE6ED278EB1E}.Debug|Any CPU.ActiveCfg = Debug|Any CPU
		{09EFE2CF-752C-F866-481C-DE6ED278EB1E}.Debug|Any CPU.Build.0 = Debug|Any CPU
		{09EFE2CF-752C-F866-481C-DE6ED278EB1E}.Release|Any CPU.ActiveCfg = Release|Any CPU
		{09EFE2CF-752C-F866-481C-DE6ED278EB1E}.Release|Any CPU.Build.0 = Release|Any CPU
		{B0D43FA2-FEE4-BB36-6E1D-94EC604C85BE}.Debug|Any CPU.ActiveCfg = Debug|Any CPU
		{B0D43FA2-FEE4-BB36-6E1D-94EC604C85BE}.Debug|Any CPU.Build.0 = Debug|Any CPU
		{B0D43FA2-FEE4-BB36-6E1D-94EC604C85BE}.Release|Any CPU.ActiveCfg = Release|Any CPU
		{B0D43FA2-FEE4-BB36-6E1D-94EC604C85BE}.Release|Any CPU.Build.0 = Release|Any CPU
	EndGlobalSection
	GlobalSection(SolutionProperties) = preSolution
		HideSolutionNode = FALSE
	EndGlobalSection
																																																															GlobalSection(MonoDevelopProperties) = preSolution
		StartupItem = Assembly-CSharp.csproj
		Policies = $0
		$0.TextStylePolicy = $1
		$1.inheritsSet = null
		$1.scope = text/x-csharp
		$0.CSharpFormattingPolicy = $2
		$2.inheritsSet = Mono
		$2.inheritsScope = text/x-csharp
		$2.scope = text/x-csharp
		$0.TextStylePolicy = $3
		$3.FileWidth = 120
		$3.TabWidth = 4
		$3.EolMarker = Unix
		$3.inheritsSet = Mono
		$3.inheritsScope = text/plain
		$3.scope = text/plain
	EndGlobalSection

EndGlobal
